
Microsoft Visual Studio Solution File, Format Version 11.00
# Visual Studio 2010
Project("{FAE04EC0-301F-11D3-BF4B-00C04F79EFBC}") = "RavenMaintenance", "RavenMaintenance\RavenMaintenance.csproj", "{3B7FA3A2-3A9D-4BB3-B0CD-2303684F56FE}"
EndProject
Project("{FAE04EC0-301F-11D3-BF4B-00C04F79EFBC}") = "RavenLib", "RavenLib\RavenLib.csproj", "{1FE84A5E-8AD2-459E-B9C3-6C656BD601D9}"
EndProject
Project("{2150E333-8FDC-42A3-9474-1A3956D46DE8}") = ".nuget", ".nuget", "{71FCF1A1-7B5A-497F-AE3A-7DAF2F305542}"
	ProjectSection(SolutionItems) = preProject
		.nuget\NuGet.Config = .nuget\NuGet.Config
		.nuget\NuGet.exe = .nuget\NuGet.exe
		.nuget\NuGet.targets = .nuget\NuGet.targets
	EndProjectSection
EndProject
Project("{FAE04EC0-301F-11D3-BF4B-00C04F79EFBC}") = "TestSuite", "TestSuite\TestSuite.csproj", "{D25F5C92-9F2F-4456-96E7-063073A4FC61}"
EndProject
Global
	GlobalSection(SolutionConfigurationPlatforms) = preSolution
		Debug|Any CPU = Debug|Any CPU
		Debug|Mixed Platforms = Debug|Mixed Platforms
		Debug|x86 = Debug|x86
		Release|Any CPU = Release|Any CPU
		Release|Mixed Platforms = Release|Mixed Platforms
		Release|x86 = Release|x86
	EndGlobalSection
	GlobalSection(ProjectConfigurationPlatforms) = postSolution
		{3B7FA3A2-3A9D-4BB3-B0CD-2303684F56FE}.Debug|Any CPU.ActiveCfg = Debug|x86
		{3B7FA3A2-3A9D-4BB3-B0CD-2303684F56FE}.Debug|Mixed Platforms.ActiveCfg = Debug|x86
		{3B7FA3A2-3A9D-4BB3-B0CD-2303684F56FE}.Debug|Mixed Platforms.Build.0 = Debug|x86
		{3B7FA3A2-3A9D-4BB3-B0CD-2303684F56FE}.Debug|x86.ActiveCfg = Debug|x86
		{3B7FA3A2-3A9D-4BB3-B0CD-2303684F56FE}.Debug|x86.Build.0 = Debug|x86
		{3B7FA3A2-3A9D-4BB3-B0CD-2303684F56FE}.Release|Any CPU.ActiveCfg = Release|x86
		{3B7FA3A2-3A9D-4BB3-B0CD-2303684F56FE}.Release|Mixed Platforms.ActiveCfg = Release|x86
		{3B7FA3A2-3A9D-4BB3-B0CD-2303684F56FE}.Release|Mixed Platforms.Build.0 = Release|x86
		{3B7FA3A2-3A9D-4BB3-B0CD-2303684F56FE}.Release|x86.ActiveCfg = Release|x86
		{3B7FA3A2-3A9D-4BB3-B0CD-2303684F56FE}.Release|x86.Build.0 = Release|x86
		{1FE84A5E-8AD2-459E-B9C3-6C656BD601D9}.Debug|Any CPU.ActiveCfg = Debug|Any CPU
		{1FE84A5E-8AD2-459E-B9C3-6C656BD601D9}.Debug|Any CPU.Build.0 = Debug|Any CPU
		{1FE84A5E-8AD2-459E-B9C3-6C656BD601D9}.Debug|Mixed Platforms.ActiveCfg = Debug|Any CPU
		{1FE84A5E-8AD2-459E-B9C3-6C656BD601D9}.Debug|Mixed Platforms.Build.0 = Debug|Any CPU
		{1FE84A5E-8AD2-459E-B9C3-6C656BD601D9}.Debug|x86.ActiveCfg = Debug|Any CPU
		{1FE84A5E-8AD2-459E-B9C3-6C656BD601D9}.Release|Any CPU.ActiveCfg = Release|Any CPU
		{1FE84A5E-8AD2-459E-B9C3-6C656BD601D9}.Release|Any CPU.Build.0 = Release|Any CPU
		{1FE84A5E-8AD2-459E-B9C3-6C656BD601D9}.Release|Mixed Platforms.ActiveCfg = Release|Any CPU
		{1FE84A5E-8AD2-459E-B9C3-6C656BD601D9}.Release|Mixed Platforms.Build.0 = Release|Any CPU
		{1FE84A5E-8AD2-459E-B9C3-6C656BD601D9}.Release|x86.ActiveCfg = Release|Any CPU
		{D25F5C92-9F2F-4456-96E7-063073A4FC61}.Debug|Any CPU.ActiveCfg = Debug|Any CPU
		{D25F5C92-9F2F-4456-96E7-063073A4FC61}.Debug|Any CPU.Build.0 = Debug|Any CPU
		{D25F5C92-9F2F-4456-96E7-063073A4FC61}.Debug|Mixed Platforms.ActiveCfg = Debug|Any CPU
		{D25F5C92-9F2F-4456-96E7-063073A4FC61}.Debug|Mixed Platforms.Build.0 = Debug|Any CPU
		{D25F5C92-9F2F-4456-96E7-063073A4FC61}.Debug|x86.ActiveCfg = Debug|Any CPU
		{D25F5C92-9F2F-4456-96E7-063073A4FC61}.Release|Any CPU.ActiveCfg = Release|Any CPU
		{D25F5C92-9F2F-4456-96E7-063073A4FC61}.Release|Any CPU.Build.0 = Release|Any CPU
		{D25F5C92-9F2F-4456-96E7-063073A4FC61}.Release|Mixed Platforms.ActiveCfg = Release|Any CPU
		{D25F5C92-9F2F-4456-96E7-063073A4FC61}.Release|Mixed Platforms.Build.0 = Release|Any CPU
		{D25F5C92-9F2F-4456-96E7-063073A4FC61}.Release|x86.ActiveCfg = Release|Any CPU
	EndGlobalSection
	GlobalSection(SolutionProperties) = preSolution
		HideSolutionNode = FALSE
	EndGlobalSection
EndGlobal
